
Microsoft Visual Studio Solution File, Format Version 12.00
# Visual Studio Version 17
VisualStudioVersion = 17.14.37216.2
MinimumVisualStudioVersion = 10.0.40219.1
Project("{8BC9CEB8-8B4A-11D0-8D11-00A0C91BC942}") = "iEDR", "iEDR\iEDR.vcxproj", "{332473FE-4EC3-4B08-97DC-1E807D297947}"
EndProject
Project("{8BC9CEB8-8B4A-11D0-8D11-00A0C91BC942}") = "LsassRead", "demo\LsassRead\LsassRead.vcxproj", "{32134A34-921B-4D52-A611-925C8A63FD39}"
EndProject
Project("{8BC9CEB8-8B4A-11D0-8D11-00A0C91BC942}") = "ProcInject", "demo\ProcInject\ProcInject.vcxproj", "{1F118BFB-40D0-47C4-AF8A-561BDF5D37A9}"
EndProject
Global
	GlobalSection(SolutionConfigurationPlatforms) = preSolution
		Debug|x64 = Debug|x64
		Debug|x86 = Debug|x86
		Release|x64 = Release|x64
		Release|x86 = Release|x86
	EndGlobalSection
	GlobalSection(ProjectConfigurationPlatforms) = postSolution
		{332473FE-4EC3-4B08-97DC-1E807D297947}.Debug|x64.ActiveCfg = Debug|x64
		{332473FE-4EC3-4B08-97DC-1E807D297947}.Debug|x64.Build.0 = Debug|x64
		{332473FE-4EC3-4B08-97DC-1E807D297947}.Debug|x86.ActiveCfg = Debug|Win32
		{332473FE-4EC3-4B08-97DC-1E807D297947}.Debug|x86.Build.0 = Debug|Win32
		{332473FE-4EC3-4B08-97DC-1E807D297947}.Release|x64.ActiveCfg = Release|x64
		{332473FE-4EC3-4B08-97DC-1E807D297947}.Release|x64.Build.0 = Release|x64
		{332473FE-4EC3-4B08-97DC-1E807D297947}.Release|x86.ActiveCfg = Release|Win32
		{332473FE-4EC3-4B08-97DC-1E807D297947}.Release|x86.Build.0 = Release|Win32
		{32134A34-921B-4D52-A611-925C8A63FD39}.Debug|x64.ActiveCfg = Debug|x64
		{32134A34-921B-4D52-A611-925C8A63FD39}.Debug|x64.Build.0 = Debug|x64
		{32134A34-921B-4D52-A611-925C8A63FD39}.Debug|x86.ActiveCfg = Debug|Win32
		{32134A34-921B-4D52-A611-925C8A63FD39}.Debug|x86.Build.0 = Debug|Win32
		{32134A34-921B-4D52-A611-925C8A63FD39}.Release|x64.ActiveCfg = Release|x64
		{32134A34-921B-4D52-A611-925C8A63FD39}.Release|x64.Build.0 = Release|x64
		{32134A34-921B-4D52-A611-925C8A63FD39}.Release|x86.ActiveCfg = Release|Win32
		{32134A34-921B-4D52-A611-925C8A63FD39}.Release|x86.Build.0 = Release|Win32
		{1F118BFB-40D0-47C4-AF8A-561BDF5D37A9}.Debug|x64.ActiveCfg = Debug|x64
		{1F118BFB-40D0-47C4-AF8A-561BDF5D37A9}.Debug|x64.Build.0 = Debug|x64
		{1F118BFB-40D0-47C4-AF8A-561BDF5D37A9}.Debug|x86.ActiveCfg = Debug|Win32
		{1F118BFB-40D0-47C4-AF8A-561BDF5D37A9}.Debug|x86.Build.0 = Debug|Win32
		{1F118BFB-40D0-47C4-AF8A-561BDF5D37A9}.Release|x64.ActiveCfg = Release|x64
		{1F118BFB-40D0-47C4-AF8A-561BDF5D37A9}.Release|x64.Build.0 = Release|x64
		{1F118BFB-40D0-47C4-AF8A-561BDF5D37A9}.Release|x86.ActiveCfg = Release|Win32
		{1F118BFB-40D0-47C4-AF8A-561BDF5D37A9}.Release|x86.Build.0 = Release|Win32
	EndGlobalSection
	GlobalSection(SolutionProperties) = preSolution
		HideSolutionNode = FALSE
	EndGlobalSection
	GlobalSection(ExtensibilityGlobals) = postSolution
		SolutionGuid = {EBA9012C-D368-4FBC-98ED-691C7598902F}
	EndGlobalSection
EndGlobal
